// !$*UTF8*$!
{
	archiveVersion = 1;
	classes = {
	};
	objectVersion = 48;
	objects = {

/* Begin PBXBuildFile section */
		1E2BAD941F43CAFE00607118 /* AppDelegate.swift in Sources */ = {isa = PBXBuildFile; fileRef = 1E2BAD931F43CAFE00607118 /* AppDelegate.swift */; };
		1E2BAD961F43CAFE00607118 /* art.scnassets in Resources */ = {isa = PBXBuildFile; fileRef = 1E2BAD951F43CAFE00607118 /* art.scnassets */; };
		1E2BAD981F43CAFE00607118 /* RampPlacerVC.swift in Sources */ = {isa = PBXBuildFile; fileRef = 1E2BAD971F43CAFE00607118 /* RampPlacerVC.swift */; };
		1E2BAD9B1F43CAFE00607118 /* Main.storyboard in Resources */ = {isa = PBXBuildFile; fileRef = 1E2BAD991F43CAFE00607118 /* Main.storyboard */; };
		1E2BAD9D1F43CAFE00607118 /* Assets.xcassets in Resources */ = {isa = PBXBuildFile; fileRef = 1E2BAD9C1F43CAFE00607118 /* Assets.xcassets */; };
		1E2BADA01F43CAFE00607118 /* LaunchScreen.storyboard in Resources */ = {isa = PBXBuildFile; fileRef = 1E2BAD9E1F43CAFE00607118 /* LaunchScreen.storyboard */; };
		1EBFEEDF1F452691006260FD /* RampPickerVC.swift in Sources */ = {isa = PBXBuildFile; fileRef = 1EBFEEDE1F452691006260FD /* RampPickerVC.swift */; };
		1EBFEEE11F452EDF006260FD /* ramps.scn in Resources */ = {isa = PBXBuildFile; fileRef = 1EBFEEE01F452EDF006260FD /* ramps.scn */; };
		1EBFEEE41F46631B006260FD /* Ramp.swift in Sources */ = {isa = PBXBuildFile; fileRef = 1EBFEEE31F46631B006260FD /* Ramp.swift */; };
		1EBFEEE61F466863006260FD /* main.scn in Resources */ = {isa = PBXBuildFile; fileRef = 1EBFEEE51F466863006260FD /* main.scn */; };
/* End PBXBuildFile section */

/* Begin PBXFileReference section */
		1E2BAD901F43CAFE00607118 /* ramp-up.app */ = {isa = PBXFileReference; explicitFileType = wrapper.application; includeInIndex = 0; path = "ramp-up.app"; sourceTree = BUILT_PRODUCTS_DIR; };
		1E2BAD931F43CAFE00607118 /* AppDelegate.swift */ = {isa = PBXFileReference; lastKnownFileType = sourcecode.swift; path = AppDelegate.swift; sourceTree = "<group>"; };
		1E2BAD951F43CAFE00607118 /* art.scnassets */ = {isa = PBXFileReference; lastKnownFileType = wrapper.scnassets; path = art.scnassets; sourceTree = "<group>"; };
		1E2BAD971F43CAFE00607118 /* RampPlacerVC.swift */ = {isa = PBXFileReference; lastKnownFileType = sourcecode.swift; path = RampPlacerVC.swift; sourceTree = "<group>"; };
		1E2BAD9A1F43CAFE00607118 /* Base */ = {isa = PBXFileReference; lastKnownFileType = file.storyboard; name = Base; path = Base.lproj/Main.storyboard; sourceTree = "<group>"; };
		1E2BAD9C1F43CAFE00607118 /* Assets.xcassets */ = {isa = PBXFileReference; lastKnownFileType = folder.assetcatalog; path = Assets.xcassets; sourceTree = "<group>"; };
		1E2BAD9F1F43CAFE00607118 /* Base */ = {isa = PBXFileReference; lastKnownFileType = file.storyboard; name = Base; path = Base.lproj/LaunchScreen.storyboard; sourceTree = "<group>"; };
		1E2BADA11F43CAFE00607118 /* Info.plist */ = {isa = PBXFileReference; lastKnownFileType = text.plist.xml; path = Info.plist; sourceTree = "<group>"; };
		1EBFEEDE1F452691006260FD /* RampPickerVC.swift */ = {isa = PBXFileReference; lastKnownFileType = sourcecode.swift; path = RampPickerVC.swift; sourceTree = "<group>"; };
		1EBFEEE01F452EDF006260FD /* ramps.scn */ = {isa = PBXFileReference; lastKnownFileType = file.bplist; name = ramps.scn; path = ../art.scnassets/ramps.scn; sourceTree = "<group>"; };
		1EBFEEE31F46631B006260FD /* Ramp.swift */ = {isa = PBXFileReference; lastKnownFileType = sourcecode.swift; path = Ramp.swift; sourceTree = "<group>"; };
		1EBFEEE51F466863006260FD /* main.scn */ = {isa = PBXFileReference; lastKnownFileType = file.bplist; name = main.scn; path = ../art.scnassets/main.scn; sourceTree = "<group>"; };
/* End PBXFileReference section */

/* Begin PBXFrameworksBuildPhase section */
		1E2BAD8D1F43CAFE00607118 /* Frameworks */ = {
			isa = PBXFrameworksBuildPhase;
			buildActionMask = 2147483647;
			files = (
			);
			runOnlyForDeploymentPostprocessing = 0;
		};
/* End PBXFrameworksBuildPhase section */

/* Begin PBXGroup section */
		1E2BAD871F43CAFE00607118 = {
			isa = PBXGroup;
			children = (
				1E2BAD921F43CAFE00607118 /* ramp-up */,
				1E2BAD911F43CAFE00607118 /* Products */,
			);
			sourceTree = "<group>";
		};
		1E2BAD911F43CAFE00607118 /* Products */ = {
			isa = PBXGroup;
			children = (
				1E2BAD901F43CAFE00607118 /* ramp-up.app */,
			);
			name = Products;
			sourceTree = "<group>";
		};
		1E2BAD921F43CAFE00607118 /* ramp-up */ = {
			isa = PBXGroup;
			children = (
				1EBFEEE21F466309006260FD /* Model */,
				1E2BADA71F43CC3900607118 /* Controller */,
				1E2BAD931F43CAFE00607118 /* AppDelegate.swift */,
				1E2BAD951F43CAFE00607118 /* art.scnassets */,
				1E2BAD991F43CAFE00607118 /* Main.storyboard */,
				1E2BAD9C1F43CAFE00607118 /* Assets.xcassets */,
				1E2BAD9E1F43CAFE00607118 /* LaunchScreen.storyboard */,
				1E2BADA11F43CAFE00607118 /* Info.plist */,
			);
			path = "ramp-up";
			sourceTree = "<group>";
		};
		1E2BADA71F43CC3900607118 /* Controller */ = {
			isa = PBXGroup;
			children = (
				1EBFEEE01F452EDF006260FD /* ramps.scn */,
				1E2BAD971F43CAFE00607118 /* RampPlacerVC.swift */,
				1EBFEEDE1F452691006260FD /* RampPickerVC.swift */,
			);
			path = Controller;
			sourceTree = "<group>";
		};
		1EBFEEE21F466309006260FD /* Model */ = {
			isa = PBXGroup;
			children = (
				1EBFEEE31F46631B006260FD /* Ramp.swift */,
				1EBFEEE51F466863006260FD /* main.scn */,
			);
			path = Model;
			sourceTree = "<group>";
		};
/* End PBXGroup section */

/* Begin PBXNativeTarget section */
		1E2BAD8F1F43CAFE00607118 /* ramp-up */ = {
			isa = PBXNativeTarget;
			buildConfigurationList = 1E2BADA41F43CAFE00607118 /* Build configuration list for PBXNativeTarget "ramp-up" */;
			buildPhases = (
				1E2BAD8C1F43CAFE00607118 /* Sources */,
				1E2BAD8D1F43CAFE00607118 /* Frameworks */,
				1E2BAD8E1F43CAFE00607118 /* Resources */,
			);
			buildRules = (
			);
			dependencies = (
			);
			name = "ramp-up";
			productName = "ramp-up";
			productReference = 1E2BAD901F43CAFE00607118 /* ramp-up.app */;
			productType = "com.apple.product-type.application";
		};
/* End PBXNativeTarget section */

/* Begin PBXProject section */
		1E2BAD881F43CAFE00607118 /* Project object */ = {
			isa = PBXProject;
			attributes = {
				LastSwiftUpdateCheck = 0900;
				LastUpgradeCheck = 0900;
				ORGANIZATIONNAME = "Johanna Romero";
				TargetAttributes = {
					1E2BAD8F1F43CAFE00607118 = {
						CreatedOnToolsVersion = 9.0;
					};
				};
			};
			buildConfigurationList = 1E2BAD8B1F43CAFE00607118 /* Build configuration list for PBXProject "ramp-up" */;
			compatibilityVersion = "Xcode 8.0";
			developmentRegion = en;
			hasScannedForEncodings = 0;
			knownRegions = (
				en,
				Base,
			);
			mainGroup = 1E2BAD871F43CAFE00607118;
			productRefGroup = 1E2BAD911F43CAFE00607118 /* Products */;
			projectDirPath = "";
			projectRoot = "";
			targets = (
				1E2BAD8F1F43CAFE00607118 /* ramp-up */,
			);
		};
/* End PBXProject section */

/* Begin PBXResourcesBuildPhase section */
		1E2BAD8E1F43CAFE00607118 /* Resources */ = {
			isa = PBXResourcesBuildPhase;
			buildActionMask = 2147483647;
			files = (
				1E2BAD961F43CAFE00607118 /* art.scnassets in Resources */,
				1E2BADA01F43CAFE00607118 /* LaunchScreen.storyboard in Resources */,
				1E2BAD9D1F43CAFE00607118 /* Assets.xcassets in Resources */,
				1E2BAD9B1F43CAFE00607118 /* Main.storyboard in Resources */,
				1EBFEEE11F452EDF006260FD /* ramps.scn in Resources */,
				1EBFEEE61F466863006260FD /* main.scn in Resources */,
			);
			runOnlyForDeploymentPostprocessing = 0;
		};
/* End PBXResourcesBuildPhase section */

/* Begin PBXSourcesBuildPhase section */
		1E2BAD8C1F43CAFE00607118 /* Sources */ = {
			isa = PBXSourcesBuildPhase;
			buildActionMask = 2147483647;
			files = (
				1E2BAD981F43CAFE00607118 /* RampPlacerVC.swift in Sources */,
				1EBFEEE41F46631B006260FD /* Ramp.swift in Sources */,
				1EBFEEDF1F452691006260FD /* RampPickerVC.swift in Sources */,
				1E2BAD941F43CAFE00607118 /* AppDelegate.swift in Sources */,
			);
			runOnlyForDeploymentPostprocessing = 0;
		};
/* End PBXSourcesBuildPhase section */

/* Begin PBXVariantGroup section */
		1E2BAD991F43CAFE00607118 /* Main.storyboard */ = {
			isa = PBXVariantGroup;
			children = (
				1E2BAD9A1F43CAFE00607118 /* Base */,
			);
			name = Main.storyboard;
			sourceTree = "<group>";
		};
		1E2BAD9E1F43CAFE00607118 /* LaunchScreen.storyboard */ = {
			isa = PBXVariantGroup;
			children = (
				1E2BAD9F1F43CAFE00607118 /* Base */,
			);
			name = LaunchScreen.storyboard;
			sourceTree = "<group>";
		};
/* End PBXVariantGroup section */

/* Begin XCBuildConfiguration section */
		1E2BADA21F43CAFE00607118 /* Debug */ = {
			isa = XCBuildConfiguration;
			buildSettings = {
				ALWAYS_SEARCH_USER_PATHS = NO;
				CLANG_ANALYZER_NONNULL = YES;
				CLANG_ANALYZER_NUMBER_OBJECT_CONVERSION = YES_AGGRESSIVE;
				CLANG_CXX_LANGUAGE_STANDARD = "gnu++14";
				CLANG_CXX_LIBRARY = "libc++";
				CLANG_ENABLE_MODULES = YES;
				CLANG_ENABLE_OBJC_ARC = YES;
				CLANG_WARN_BLOCK_CAPTURE_AUTORELEASING = YES;
				CLANG_WARN_BOOL_CONVERSION = YES;
				CLANG_WARN_COMMA = YES;
				CLANG_WARN_CONSTANT_CONVERSION = YES;
				CLANG_WARN_DIRECT_OBJC_ISA_USAGE = YES_ERROR;
				CLANG_WARN_DOCUMENTATION_COMMENTS = YES;
				CLANG_WARN_EMPTY_BODY = YES;
				CLANG_WARN_ENUM_CONVERSION = YES;
				CLANG_WARN_INFINITE_RECURSION = YES;
				CLANG_WARN_INT_CONVERSION = YES;
				CLANG_WARN_NON_LITERAL_NULL_CONVERSION = YES;
				CLANG_WARN_OBJC_LITERAL_CONVERSION = YES;
				CLANG_WARN_OBJC_ROOT_CLASS = YES_ERROR;
				CLANG_WARN_RANGE_LOOP_ANALYSIS = YES;
				CLANG_WARN_STRICT_PROTOTYPES = YES;
				CLANG_WARN_SUSPICIOUS_MOVE = YES;
				CLANG_WARN_UNGUARDED_AVAILABILITY = YES_AGGRESSIVE;
				CLANG_WARN_UNREACHABLE_CODE = YES;
				CLANG_WARN__DUPLICATE_METHOD_MATCH = YES;
				CODE_SIGN_IDENTITY = "iPhone Developer";
				COPY_PHASE_STRIP = NO;
				DEBUG_INFORMATION_FORMAT = dwarf;
				ENABLE_STRICT_OBJC_MSGSEND = YES;
				ENABLE_TESTABILITY = YES;
				GCC_C_LANGUAGE_STANDARD = gnu11;
				GCC_DYNAMIC_NO_PIC = NO;
				GCC_NO_COMMON_BLOCKS = YES;
				GCC_OPTIMIZATION_LEVEL = 0;
				GCC_PREPROCESSOR_DEFINITIONS = (
					"DEBUG=1",
					"$(inherited)",
				);
				GCC_WARN_64_TO_32_BIT_CONVERSION = YES;
				GCC_WARN_ABOUT_RETURN_TYPE = YES_ERROR;
				GCC_WARN_UNDECLARED_SELECTOR = YES;
				GCC_WARN_UNINITIALIZED_AUTOS = YES_AGGRESSIVE;
				GCC_WARN_UNUSED_FUNCTION = YES;
				GCC_WARN_UNUSED_VARIABLE = YES;
				IPHONEOS_DEPLOYMENT_TARGET = 11.0;
				MTL_ENABLE_DEBUG_INFO = YES;
				ONLY_ACTIVE_ARCH = YES;
				SDKROOT = iphoneos;
				SWIFT_ACTIVE_COMPILATION_CONDITIONS = DEBUG;
				SWIFT_OPTIMIZATION_LEVEL = "-Onone";
			};
			name = Debug;
		};
		1E2BADA31F43CAFE00607118 /* Release */ = {
			isa = XCBuildConfiguration;
			buildSettings = {
				ALWAYS_SEARCH_USER_PATHS = NO;
				CLANG_ANALYZER_NONNULL = YES;
				CLANG_ANALYZER_NUMBER_OBJECT_CONVERSION = YES_AGGRESSIVE;
				CLANG_CXX_LANGUAGE_STANDARD = "gnu++14";
				CLANG_CXX_LIBRARY = "libc++";
				CLANG_ENABLE_MODULES = YES;
				CLANG_ENABLE_OBJC_ARC = YES;
				CLANG_WARN_BLOCK_CAPTURE_AUTORELEASING = YES;
				CLANG_WARN_BOOL_CONVERSION = YES;
				CLANG_WARN_COMMA = YES;
				CLANG_WARN_CONSTANT_CONVERSION = YES;
				CLANG_WARN_DIRECT_OBJC_ISA_USAGE = YES_ERROR;
				CLANG_WARN_DOCUMENTATION_COMMENTS = YES;
				CLANG_WARN_EMPTY_BODY = YES;
				CLANG_WARN_ENUM_CONVERSION = YES;
				CLANG_WARN_INFINITE_RECURSION = YES;
				CLANG_WARN_INT_CONVERSION = YES;
				CLANG_WARN_NON_LITERAL_NULL_CONVERSION = YES;
				CLANG_WARN_OBJC_LITERAL_CONVERSION = YES;
				CLANG_WARN_OBJC_ROOT_CLASS = YES_ERROR;
				CLANG_WARN_RANGE_LOOP_ANALYSIS = YES;
				CLANG_WARN_STRICT_PROTOTYPES = YES;
				CLANG_WARN_SUSPICIOUS_MOVE = YES;
				CLANG_WARN_UNGUARDED_AVAILABILITY = YES_AGGRESSIVE;
				CLANG_WARN_UNREACHABLE_CODE = YES;
				CLANG_WARN__DUPLICATE_METHOD_MATCH = YES;
				CODE_SIGN_IDENTITY = "iPhone Developer";
				COPY_PHASE_STRIP = NO;
				DEBUG_INFORMATION_FORMAT = "dwarf-with-dsym";
				ENABLE_NS_ASSERTIONS = NO;
				ENABLE_STRICT_OBJC_MSGSEND = YES;
				GCC_C_LANGUAGE_STANDARD = gnu11;
				GCC_NO_COMMON_BLOCKS = YES;
				GCC_WARN_64_TO_32_BIT_CONVERSION = YES;
				GCC_WARN_ABOUT_RETURN_TYPE = YES_ERROR;
				GCC_WARN_UNDECLARED_SELECTOR = YES;
				GCC_WARN_UNINITIALIZED_AUTOS = YES_AGGRESSIVE;
				GCC_WARN_UNUSED_FUNCTION = YES;
				GCC_WARN_UNUSED_VARIABLE = YES;
				IPHONEOS_DEPLOYMENT_TARGET = 11.0;
				MTL_ENABLE_DEBUG_INFO = NO;
				SDKROOT = iphoneos;
				SWIFT_OPTIMIZATION_LEVEL = "-Owholemodule";
				VALIDATE_PRODUCT = YES;
			};
			name = Release;
		};
		1E2BADA51F43CAFE00607118 /* Debug */ = {
			isa = XCBuildConfiguration;
			buildSettings = {
				ASSETCATALOG_COMPILER_APPICON_NAME = AppIcon;
				DEVELOPMENT_TEAM = WXRS35QMK6;
				INFOPLIST_FILE = "ramp-up/Info.plist";
				LD_RUNPATH_SEARCH_PATHS = "$(inherited) @executable_path/Frameworks";
				PRODUCT_BUNDLE_IDENTIFIER = "com.johannaromero.ramp-up";
				PRODUCT_NAME = "$(TARGET_NAME)";
				SWIFT_VERSION = 4.0;
				TARGETED_DEVICE_FAMILY = "1,2";
			};
			name = Debug;
		};
		1E2BADA61F43CAFE00607118 /* Release */ = {
			isa = XCBuildConfiguration;
			buildSettings = {
				ASSETCATALOG_COMPILER_APPICON_NAME = AppIcon;
				DEVELOPMENT_TEAM = WXRS35QMK6;
				INFOPLIST_FILE = "ramp-up/Info.plist";
				LD_RUNPATH_SEARCH_PATHS = "$(inherited) @executable_path/Frameworks";
				PRODUCT_BUNDLE_IDENTIFIER = "com.johannaromero.ramp-up";
				PRODUCT_NAME = "$(TARGET_NAME)";
				SWIFT_VERSION = 4.0;
				TARGETED_DEVICE_FAMILY = "1,2";
			};
			name = Release;
		};
/* End XCBuildConfiguration section */

/* Begin XCConfigurationList section */
		1E2BAD8B1F43CAFE00607118 /* Build configuration list for PBXProject "ramp-up" */ = {
			isa = XCConfigurationList;
			buildConfigurations = (
				1E2BADA21F43CAFE00607118 /* Debug */,
				1E2BADA31F43CAFE00607118 /* Release */,
			);
			defaultConfigurationIsVisible = 0;
			defaultConfigurationName = Release;
		};
		1E2BADA41F43CAFE00607118 /* Build configuration list for PBXNativeTarget "ramp-up" */ = {
			isa = XCConfigurationList;
			buildConfigurations = (
				1E2BADA51F43CAFE00607118 /* Debug */,
				1E2BADA61F43CAFE00607118 /* Release */,
			);
			defaultConfigurationIsVisible = 0;
			defaultConfigurationName = Release;
		};
/* End XCConfigurationList section */
	};
	rootObject = 1E2BAD881F43CAFE00607118 /* Project object */;
}
